
Microsoft Visual Studio Solution File, Format Version 12.00
# Visual Studio Version 16
VisualStudioVersion = 16.0.31105.61
MinimumVisualStudioVersion = 10.0.40219.1
Project("{FAE04EC0-301F-11D3-BF4B-00C04F79EFBC}") = "API", "API\API.csproj", "{48716762-0CB8-447F-ADD1-32E611E85081}"
EndProject
Project("{2150E333-8FDC-42A3-9474-1A3956D46DE8}") = "1.0 - Distributed Services", "1.0 - Distributed Services", "{1EF4C5CC-A745-4FCD-B408-2E57E96402FC}"
EndProject
Project("{2150E333-8FDC-42A3-9474-1A3956D46DE8}") = "1.1 - Application", "1.1 - Application", "{1535D2EB-0837-4B80-9866-DDA62D2BEDAD}"
EndProject
Project("{2150E333-8FDC-42A3-9474-1A3956D46DE8}") = "1.2 - Domain", "1.2 - Domain", "{8B241683-A641-439F-8B2F-B4AD7F31F995}"
EndProject
Project("{2150E333-8FDC-42A3-9474-1A3956D46DE8}") = "1.3 - Infraestructure", "1.3 - Infraestructure", "{1E1DF5C2-4CA6-4A0C-AF04-D56D52FC4A63}"
EndProject
Project("{2150E333-8FDC-42A3-9474-1A3956D46DE8}") = "1.4 - Database", "1.4 - Database", "{3565C962-F195-4EF9-B5B4-33161D55D472}"
EndProject
Project("{9A19103F-16F7-4668-BE54-9A1E7A4F7556}") = "Database.Generator", "Database.Generator\Database.Generator.csproj", "{A2B657D1-4622-4C74-94C2-42736513F8A9}"
EndProject
Project("{2150E333-8FDC-42A3-9474-1A3956D46DE8}") = "1.3.1 - Data", "1.3.1 - Data", "{17038C88-3E09-4DB5-9466-7B0BDF6F4C4E}"
EndProject
Project("{2150E333-8FDC-42A3-9474-1A3956D46DE8}") = "1.3.2 - CrossCutting", "1.3.2 - CrossCutting", "{8D4FA54C-F980-4981-BA1C-0EEBB08CE03D}"
EndProject
Project("{9A19103F-16F7-4668-BE54-9A1E7A4F7556}") = "Infraestructure.Crosscutting", "Infraestructure.Crosscutting\Infraestructure.Crosscutting.csproj", "{ED79B0E9-142A-419D-807B-A8591F4260CA}"
EndProject
Project("{9A19103F-16F7-4668-BE54-9A1E7A4F7556}") = "Infraestructure.Crosscutting.Cache", "Infraestructure.Crosscutting.Cache\Infraestructure.Crosscutting.Cache.csproj", "{E4971E6E-E2A8-454B-8840-31DCA468EBA5}"
EndProject
Project("{9A19103F-16F7-4668-BE54-9A1E7A4F7556}") = "Infraestructure.Crosscutting.Resources", "Infraestructure.Crosscutting.Resources\Infraestructure.Crosscutting.Resources.csproj", "{EF0A3DE7-1955-448A-BE38-41F7F564BE3D}"
EndProject
Project("{9A19103F-16F7-4668-BE54-9A1E7A4F7556}") = "Infraestructure.Data.Core", "Infraestructure.Data.Core\Infraestructure.Data.Core.csproj", "{07E14679-C8A5-4F26-A4F7-DB8C37AFC69D}"
EndProject
Project("{9A19103F-16F7-4668-BE54-9A1E7A4F7556}") = "Infraestructure.Data.MainModule", "Infraestructure.Data.MainModule\Infraestructure.Data.MainModule.csproj", "{3BB2B14C-1F5F-4452-A916-0582E6597727}"
EndProject
Project("{9A19103F-16F7-4668-BE54-9A1E7A4F7556}") = "Domain.Core", "Domain.Core\Domain.Core.csproj", "{F6334C4E-D849-45C6-B36C-67604C3A46D3}"
EndProject
Project("{9A19103F-16F7-4668-BE54-9A1E7A4F7556}") = "Domain.MainModule", "Domain.MainModule\Domain.MainModule.csproj", "{DBCD3634-4B80-4CB7-93C9-E4EAD445968B}"
EndProject
Project("{9A19103F-16F7-4668-BE54-9A1E7A4F7556}") = "Application.Core", "Application.Core\Application.Core.csproj", "{6AA09E60-8B38-4830-BD80-72A0E2A074F2}"
EndProject
Project("{9A19103F-16F7-4668-BE54-9A1E7A4F7556}") = "Application.Dto", "Application.Dto\Application.Dto.csproj", "{EFF66C3B-26E0-4FF6-89BE-31F26F3B3ECF}"
EndProject
Project("{9A19103F-16F7-4668-BE54-9A1E7A4F7556}") = "Application.IoC", "Application.IoC\Application.IoC.csproj", "{A2AB2B72-D29A-48AA-ABB0-C777A185781F}"
EndProject
Project("{9A19103F-16F7-4668-BE54-9A1E7A4F7556}") = "Application.MainModule", "Application.MainModule\Application.MainModule.csproj", "{5071B7D6-6F48-4C8D-B539-0251F4C91510}"
EndProject
Project("{9A19103F-16F7-4668-BE54-9A1E7A4F7556}") = "Application.Security", "Application.Security\Application.Security.csproj", "{7C23347B-E3FD-40E0-A435-00176574A927}"
EndProject
Project("{9A19103F-16F7-4668-BE54-9A1E7A4F7556}") = "Distributed.Core", "Distributed.Core\Distributed.Core.csproj", "{D08DF22E-0CDF-4312-8777-C114EA3667EB}"
EndProject
Global
	GlobalSection(SolutionConfigurationPlatforms) = preSolution
		Debug|Any CPU = Debug|Any CPU
		Release|Any CPU = Release|Any CPU
	EndGlobalSection
	GlobalSection(ProjectConfigurationPlatforms) = postSolution
		{48716762-0CB8-447F-ADD1-32E611E85081}.Debug|Any CPU.ActiveCfg = Debug|Any CPU
		{48716762-0CB8-447F-ADD1-32E611E85081}.Debug|Any CPU.Build.0 = Debug|Any CPU
		{48716762-0CB8-447F-ADD1-32E611E85081}.Release|Any CPU.ActiveCfg = Release|Any CPU
		{48716762-0CB8-447F-ADD1-32E611E85081}.Release|Any CPU.Build.0 = Release|Any CPU
		{A2B657D1-4622-4C74-94C2-42736513F8A9}.Debug|Any CPU.ActiveCfg = Debug|Any CPU
		{A2B657D1-4622-4C74-94C2-42736513F8A9}.Debug|Any CPU.Build.0 = Debug|Any CPU
		{A2B657D1-4622-4C74-94C2-42736513F8A9}.Release|Any CPU.ActiveCfg = Release|Any CPU
		{A2B657D1-4622-4C74-94C2-42736513F8A9}.Release|Any CPU.Build.0 = Release|Any CPU
		{ED79B0E9-142A-419D-807B-A8591F4260CA}.Debug|Any CPU.ActiveCfg = Debug|Any CPU
		{ED79B0E9-142A-419D-807B-A8591F4260CA}.Debug|Any CPU.Build.0 = Debug|Any CPU
		{ED79B0E9-142A-419D-807B-A8591F4260CA}.Release|Any CPU.ActiveCfg = Release|Any CPU
		{ED79B0E9-142A-419D-807B-A8591F4260CA}.Release|Any CPU.Build.0 = Release|Any CPU
		{E4971E6E-E2A8-454B-8840-31DCA468EBA5}.Debug|Any CPU.ActiveCfg = Debug|Any CPU
		{E4971E6E-E2A8-454B-8840-31DCA468EBA5}.Debug|Any CPU.Build.0 = Debug|Any CPU
		{E4971E6E-E2A8-454B-8840-31DCA468EBA5}.Release|Any CPU.ActiveCfg = Release|Any CPU
		{E4971E6E-E2A8-454B-8840-31DCA468EBA5}.Release|Any CPU.Build.0 = Release|Any CPU
		{EF0A3DE7-1955-448A-BE38-41F7F564BE3D}.Debug|Any CPU.ActiveCfg = Debug|Any CPU
		{EF0A3DE7-1955-448A-BE38-41F7F564BE3D}.Debug|Any CPU.Build.0 = Debug|Any CPU
		{EF0A3DE7-1955-448A-BE38-41F7F564BE3D}.Release|Any CPU.ActiveCfg = Release|Any CPU
		{EF0A3DE7-1955-448A-BE38-41F7F564BE3D}.Release|Any CPU.Build.0 = Release|Any CPU
		{07E14679-C8A5-4F26-A4F7-DB8C37AFC69D}.Debug|Any CPU.ActiveCfg = Debug|Any CPU
		{07E14679-C8A5-4F26-A4F7-DB8C37AFC69D}.Debug|Any CPU.Build.0 = Debug|Any CPU
		{07E14679-C8A5-4F26-A4F7-DB8C37AFC69D}.Release|Any CPU.ActiveCfg = Release|Any CPU
		{07E14679-C8A5-4F26-A4F7-DB8C37AFC69D}.Release|Any CPU.Build.0 = Release|Any CPU
		{3BB2B14C-1F5F-4452-A916-0582E6597727}.Debug|Any CPU.ActiveCfg = Debug|Any CPU
		{3BB2B14C-1F5F-4452-A916-0582E6597727}.Debug|Any CPU.Build.0 = Debug|Any CPU
		{3BB2B14C-1F5F-4452-A916-0582E6597727}.Release|Any CPU.ActiveCfg = Release|Any CPU
		{3BB2B14C-1F5F-4452-A916-0582E6597727}.Release|Any CPU.Build.0 = Release|Any CPU
		{F6334C4E-D849-45C6-B36C-67604C3A46D3}.Debug|Any CPU.ActiveCfg = Debug|Any CPU
		{F6334C4E-D849-45C6-B36C-67604C3A46D3}.Debug|Any CPU.Build.0 = Debug|Any CPU
		{F6334C4E-D849-45C6-B36C-67604C3A46D3}.Release|Any CPU.ActiveCfg = Release|Any CPU
		{F6334C4E-D849-45C6-B36C-67604C3A46D3}.Release|Any CPU.Build.0 = Release|Any CPU
		{DBCD3634-4B80-4CB7-93C9-E4EAD445968B}.Debug|Any CPU.ActiveCfg = Debug|Any CPU
		{DBCD3634-4B80-4CB7-93C9-E4EAD445968B}.Debug|Any CPU.Build.0 = Debug|Any CPU
		{DBCD3634-4B80-4CB7-93C9-E4EAD445968B}.Release|Any CPU.ActiveCfg = Release|Any CPU
		{DBCD3634-4B80-4CB7-93C9-E4EAD445968B}.Release|Any CPU.Build.0 = Release|Any CPU
		{6AA09E60-8B38-4830-BD80-72A0E2A074F2}.Debug|Any CPU.ActiveCfg = Debug|Any CPU
		{6AA09E60-8B38-4830-BD80-72A0E2A074F2}.Debug|Any CPU.Build.0 = Debug|Any CPU
		{6AA09E60-8B38-4830-BD80-72A0E2A074F2}.Release|Any CPU.ActiveCfg = Release|Any CPU
		{6AA09E60-8B38-4830-BD80-72A0E2A074F2}.Release|Any CPU.Build.0 = Release|Any CPU
		{EFF66C3B-26E0-4FF6-89BE-31F26F3B3ECF}.Debug|Any CPU.ActiveCfg = Debug|Any CPU
		{EFF66C3B-26E0-4FF6-89BE-31F26F3B3ECF}.Debug|Any CPU.Build.0 = Debug|Any CPU
		{EFF66C3B-26E0-4FF6-89BE-31F26F3B3ECF}.Release|Any CPU.ActiveCfg = Release|Any CPU
		{EFF66C3B-26E0-4FF6-89BE-31F26F3B3ECF}.Release|Any CPU.Build.0 = Release|Any CPU
		{A2AB2B72-D29A-48AA-ABB0-C777A185781F}.Debug|Any CPU.ActiveCfg = Debug|Any CPU
		{A2AB2B72-D29A-48AA-ABB0-C777A185781F}.Debug|Any CPU.Build.0 = Debug|Any CPU
		{A2AB2B72-D29A-48AA-ABB0-C777A185781F}.Release|Any CPU.ActiveCfg = Release|Any CPU
		{A2AB2B72-D29A-48AA-ABB0-C777A185781F}.Release|Any CPU.Build.0 = Release|Any CPU
		{5071B7D6-6F48-4C8D-B539-0251F4C91510}.Debug|Any CPU.ActiveCfg = Debug|Any CPU
		{5071B7D6-6F48-4C8D-B539-0251F4C91510}.Debug|Any CPU.Build.0 = Debug|Any CPU
		{5071B7D6-6F48-4C8D-B539-0251F4C91510}.Release|Any CPU.ActiveCfg = Release|Any CPU
		{5071B7D6-6F48-4C8D-B539-0251F4C91510}.Release|Any CPU.Build.0 = Release|Any CPU
		{7C23347B-E3FD-40E0-A435-00176574A927}.Debug|Any CPU.ActiveCfg = Debug|Any CPU
		{7C23347B-E3FD-40E0-A435-00176574A927}.Debug|Any CPU.Build.0 = Debug|Any CPU
		{7C23347B-E3FD-40E0-A435-00176574A927}.Release|Any CPU.ActiveCfg = Release|Any CPU
		{7C23347B-E3FD-40E0-A435-00176574A927}.Release|Any CPU.Build.0 = Release|Any CPU
		{D08DF22E-0CDF-4312-8777-C114EA3667EB}.Debug|Any CPU.ActiveCfg = Debug|Any CPU
		{D08DF22E-0CDF-4312-8777-C114EA3667EB}.Debug|Any CPU.Build.0 = Debug|Any CPU
		{D08DF22E-0CDF-4312-8777-C114EA3667EB}.Release|Any CPU.ActiveCfg = Release|Any CPU
		{D08DF22E-0CDF-4312-8777-C114EA3667EB}.Release|Any CPU.Build.0 = Release|Any CPU
	EndGlobalSection
	GlobalSection(SolutionProperties) = preSolution
		HideSolutionNode = FALSE
	EndGlobalSection
	GlobalSection(NestedProjects) = preSolution
		{48716762-0CB8-447F-ADD1-32E611E85081} = {1EF4C5CC-A745-4FCD-B408-2E57E96402FC}
		{A2B657D1-4622-4C74-94C2-42736513F8A9} = {3565C962-F195-4EF9-B5B4-33161D55D472}
		{17038C88-3E09-4DB5-9466-7B0BDF6F4C4E} = {1E1DF5C2-4CA6-4A0C-AF04-D56D52FC4A63}
		{8D4FA54C-F980-4981-BA1C-0EEBB08CE03D} = {1E1DF5C2-4CA6-4A0C-AF04-D56D52FC4A63}
		{ED79B0E9-142A-419D-807B-A8591F4260CA} = {8D4FA54C-F980-4981-BA1C-0EEBB08CE03D}
		{E4971E6E-E2A8-454B-8840-31DCA468EBA5} = {8D4FA54C-F980-4981-BA1C-0EEBB08CE03D}
		{EF0A3DE7-1955-448A-BE38-41F7F564BE3D} = {8D4FA54C-F980-4981-BA1C-0EEBB08CE03D}
		{07E14679-C8A5-4F26-A4F7-DB8C37AFC69D} = {17038C88-3E09-4DB5-9466-7B0BDF6F4C4E}
		{3BB2B14C-1F5F-4452-A916-0582E6597727} = {17038C88-3E09-4DB5-9466-7B0BDF6F4C4E}
		{F6334C4E-D849-45C6-B36C-67604C3A46D3} = {8B241683-A641-439F-8B2F-B4AD7F31F995}
		{DBCD3634-4B80-4CB7-93C9-E4EAD445968B} = {8B241683-A641-439F-8B2F-B4AD7F31F995}
		{6AA09E60-8B38-4830-BD80-72A0E2A074F2} = {1535D2EB-0837-4B80-9866-DDA62D2BEDAD}
		{EFF66C3B-26E0-4FF6-89BE-31F26F3B3ECF} = {1535D2EB-0837-4B80-9866-DDA62D2BEDAD}
		{A2AB2B72-D29A-48AA-ABB0-C777A185781F} = {1535D2EB-0837-4B80-9866-DDA62D2BEDAD}
		{5071B7D6-6F48-4C8D-B539-0251F4C91510} = {1535D2EB-0837-4B80-9866-DDA62D2BEDAD}
		{7C23347B-E3FD-40E0-A435-00176574A927} = {1535D2EB-0837-4B80-9866-DDA62D2BEDAD}
		{D08DF22E-0CDF-4312-8777-C114EA3667EB} = {1EF4C5CC-A745-4FCD-B408-2E57E96402FC}
	EndGlobalSection
	GlobalSection(ExtensibilityGlobals) = postSolution
		SolutionGuid = {12BE6625-922F-4DBB-B18F-D41F2FBDFADE}
	EndGlobalSection
EndGlobal
